Microsoft Visual Studio Solution File, Format Version 12.00
# Visual Studio 2012
Project("{FAE04EC0-301F-11D3-BF4B-00C04F79EFBC}") = "NavigationPanelOptions", "NavigationPanelOptions\NavigationPanelOptions.csproj", "{1879C04D-5D89-4A52-AF14-3322927A4BAF}"
EndProject
Global
	GlobalSection(SolutionConfigurationPlatforms) = preSolution
		Debug|Any CPU = Debug|Any CPU
		Release|Any CPU = Release|Any CPU
	EndGlobalSection
	GlobalSection(ProjectConfigurationPlatforms) = postSolution
		{1879C04D-5D89-4A52-AF14-3322927A4BAF}.Debug|Any CPU.ActiveCfg = Debug|Any CPU
		{1879C04D-5D89-4A52-AF14-3322927A4BAF}.Debug|Any CPU.Build.0 = Debug|Any CPU
		{1879C04D-5D89-4A52-AF14-3322927A4BAF}.Release|Any CPU.ActiveCfg = Release|Any CPU
		{1879C04D-5D89-4A52-AF14-3322927A4BAF}.Release|Any CPU.Build.0 = Release|Any CPU
	EndGlobalSection
	GlobalSection(SolutionProperties) = preSolution
		HideSolutionNode = FALSE
	EndGlobalSection
EndGlobal
